# This file is automatically @generated by Cargo.
# It is not intended for manual editing.
version = 4

[[package]]
name = "awe-appd"
version = "0.1.0"

[[package]]
name = "awe-boot-protocol"
version = "0.1.0"

[[package]]
name = "awe-driverd"
version = "0.1.0"

[[package]]
name = "awe-identityd"
version = "0.1.0"

[[package]]
name = "awe-initd"
version = "0.1.0"

[[package]]
name = "aweloader"
version = "0.1.0"
dependencies = [
 "awe-boot-protocol",
]

[[package]]
name = "aweos-kernel"
version = "0.2.1"
dependencies = [
 "awe-boot-protocol",
]

[[package]]
name = "aweos-kernel-bin"
version = "0.1.0"
dependencies = [
 "awe-boot-protocol",
 "aweos-kernel",
]

[[package]]
name = "aweosa-builder"
version = "0.1.0"
