# This file is automatically @generated by Cargo.
# It is not intended for manual editing.
version = 4

[[package]]
name = "aosin-gui"
version = "0.1.0"
dependencies = [
 "awe-ayui",
]

[[package]]
name = "awe-app-calculator"
version = "0.1.0"
dependencies = [
 "awe-ayui",
]

[[package]]
name = "awe-app-filemanager"
version = "0.1.0"
dependencies = [
 "awe-ayui",
 "awe-storaged",
]

[[package]]
name = "awe-app-settings"
version = "0.1.0"
dependencies = [
 "awe-ayui",
 "awe-netd",
]

[[package]]
name = "awe-app-terminal"
version = "0.1.0"
dependencies = [
 "awe-ayui",
 "awe-nexus",
]

[[package]]
name = "awe-appd"
version = "0.1.0"

[[package]]
name = "awe-awosa"
version = "0.1.0"

[[package]]
name = "awe-ayui"
version = "0.1.0"

[[package]]
name = "awe-boot-arm"
version = "0.1.0"
dependencies = [
 "awe-boot-protocol",
]

[[package]]
name = "awe-boot-protocol"
version = "0.1.0"

[[package]]
name = "awe-boot-riscv"
version = "0.1.0"
dependencies = [
 "awe-boot-protocol",
]

[[package]]
name = "awe-cli"
version = "0.1.0"

[[package]]
name = "awe-driverd"
version = "0.1.0"

[[package]]
name = "awe-identityd"
version = "0.1.0"

[[package]]
name = "awe-initd"
version = "0.1.0"

[[package]]
name = "awe-netd"
version = "0.1.0"

[[package]]
name = "awe-nexus"
version = "0.1.0"

[[package]]
name = "awe-platformd"
version = "0.1.0"

[[package]]
name = "awe-product-core-tests"
version = "0.1.0"
dependencies = [
 "awe-appd",
 "awe-awosa",
 "awe-ayui",
 "awe-driverd",
 "awe-identityd",
 "awe-initd",
 "awe-netd",
 "awe-nexus",
 "awe-securityd",
 "awe-storaged",
 "awe-update",
 "aweos-kernel",
]

[[package]]
name = "awe-script"
version = "0.1.0"

[[package]]
name = "awe-securityd"
version = "0.1.0"

[[package]]
name = "awe-storaged"
version = "0.1.0"

[[package]]
name = "awe-update"
version = "0.1.0"

[[package]]
name = "aweloader"
version = "0.1.0"
dependencies = [
 "awe-boot-protocol",
]

[[package]]
name = "aweos-kernel"
version = "0.2.1"
dependencies = [
 "awe-boot-protocol",
]

[[package]]
name = "aweos-kernel-bin"
version = "0.1.0"
dependencies = [
 "awe-boot-protocol",
 "aweos-kernel",
]

[[package]]
name = "aweosa-builder"
version = "0.1.0"
